
Microsoft Visual Studio Solution File, Format Version 12.00
# Visual Studio 15
Project("{FAE04EC0-301F-11D3-BF4B-00C04F79EFBC}") = "MessageBankNet.Android", "MessageBankNet.Android\MessageBankNet.Android.csproj", "{F449A618-32D9-4C07-BCD5-98FCBBB2BBEF}"
EndProject
Project("{FAE04EC0-301F-11D3-BF4B-00C04F79EFBC}") = "MessageBankNet.iOS", "MessageBankNet.iOS\MessageBankNet.iOS.csproj", "{59347863-5540-40FF-A42A-35A17D609B32}"
EndProject
Project("{FAE04EC0-301F-11D3-BF4B-00C04F79EFBC}") = "MessageBankNet", "MessageBankNet\MessageBankNet.csproj", "{BE947535-920F-4048-8946-F76E6D935E3C}"
EndProject
Global
	GlobalSection(SolutionConfigurationPlatforms) = preSolution
		Debug|Any CPU = Debug|Any CPU
		Release|Any CPU = Release|Any CPU
		Debug|iPhoneSimulator = Debug|iPhoneSimulator
		Release|iPhoneSimulator = Release|iPhoneSimulator
		Debug|iPhone = Debug|iPhone
		Release|iPhone = Release|iPhone
	EndGlobalSection
	GlobalSection(ProjectConfigurationPlatforms) = postSolution
		{F449A618-32D9-4C07-BCD5-98FCBBB2BBEF}.Debug|Any CPU.ActiveCfg = Debug|Any CPU
		{F449A618-32D9-4C07-BCD5-98FCBBB2BBEF}.Debug|Any CPU.Build.0 = Debug|Any CPU
		{F449A618-32D9-4C07-BCD5-98FCBBB2BBEF}.Release|Any CPU.ActiveCfg = Release|Any CPU
		{F449A618-32D9-4C07-BCD5-98FCBBB2BBEF}.Release|Any CPU.Build.0 = Release|Any CPU
		{F449A618-32D9-4C07-BCD5-98FCBBB2BBEF}.Debug|iPhoneSimulator.ActiveCfg = Debug|Any CPU
		{F449A618-32D9-4C07-BCD5-98FCBBB2BBEF}.Debug|iPhoneSimulator.Build.0 = Debug|Any CPU
		{F449A618-32D9-4C07-BCD5-98FCBBB2BBEF}.Release|iPhoneSimulator.ActiveCfg = Release|Any CPU
		{F449A618-32D9-4C07-BCD5-98FCBBB2BBEF}.Release|iPhoneSimulator.Build.0 = Release|Any CPU
		{F449A618-32D9-4C07-BCD5-98FCBBB2BBEF}.Debug|iPhone.ActiveCfg = Debug|Any CPU
		{F449A618-32D9-4C07-BCD5-98FCBBB2BBEF}.Debug|iPhone.Build.0 = Debug|Any CPU
		{F449A618-32D9-4C07-BCD5-98FCBBB2BBEF}.Release|iPhone.ActiveCfg = Release|Any CPU
		{F449A618-32D9-4C07-BCD5-98FCBBB2BBEF}.Release|iPhone.Build.0 = Release|Any CPU
		{59347863-5540-40FF-A42A-35A17D609B32}.Debug|Any CPU.ActiveCfg = Debug|iPhoneSimulator
		{59347863-5540-40FF-A42A-35A17D609B32}.Debug|Any CPU.Build.0 = Debug|iPhoneSimulator
		{59347863-5540-40FF-A42A-35A17D609B32}.Release|Any CPU.ActiveCfg = Release|iPhoneSimulator
		{59347863-5540-40FF-A42A-35A17D609B32}.Release|Any CPU.Build.0 = Release|iPhoneSimulator
		{59347863-5540-40FF-A42A-35A17D609B32}.Debug|iPhoneSimulator.ActiveCfg = Debug|iPhoneSimulator
		{59347863-5540-40FF-A42A-35A17D609B32}.Debug|iPhoneSimulator.Build.0 = Debug|iPhoneSimulator
		{59347863-5540-40FF-A42A-35A17D609B32}.Release|iPhoneSimulator.ActiveCfg = Release|iPhoneSimulator
		{59347863-5540-40FF-A42A-35A17D609B32}.Release|iPhoneSimulator.Build.0 = Release|iPhoneSimulator
		{59347863-5540-40FF-A42A-35A17D609B32}.Debug|iPhone.ActiveCfg = Debug|iPhone
		{59347863-5540-40FF-A42A-35A17D609B32}.Debug|iPhone.Build.0 = Debug|iPhone
		{59347863-5540-40FF-A42A-35A17D609B32}.Release|iPhone.ActiveCfg = Release|iPhone
		{59347863-5540-40FF-A42A-35A17D609B32}.Release|iPhone.Build.0 = Release|iPhone
		{BE947535-920F-4048-8946-F76E6D935E3C}.Debug|Any CPU.ActiveCfg = Debug|Any CPU
		{BE947535-920F-4048-8946-F76E6D935E3C}.Debug|Any CPU.Build.0 = Debug|Any CPU
		{BE947535-920F-4048-8946-F76E6D935E3C}.Release|Any CPU.ActiveCfg = Release|Any CPU
		{BE947535-920F-4048-8946-F76E6D935E3C}.Release|Any CPU.Build.0 = Release|Any CPU
		{BE947535-920F-4048-8946-F76E6D935E3C}.Debug|iPhoneSimulator.ActiveCfg = Debug|Any CPU
		{BE947535-920F-4048-8946-F76E6D935E3C}.Debug|iPhoneSimulator.Build.0 = Debug|Any CPU
		{BE947535-920F-4048-8946-F76E6D935E3C}.Release|iPhoneSimulator.ActiveCfg = Release|Any CPU
		{BE947535-920F-4048-8946-F76E6D935E3C}.Release|iPhoneSimulator.Build.0 = Release|Any CPU
		{BE947535-920F-4048-8946-F76E6D935E3C}.Debug|iPhone.ActiveCfg = Debug|Any CPU
		{BE947535-920F-4048-8946-F76E6D935E3C}.Debug|iPhone.Build.0 = Debug|Any CPU
		{BE947535-920F-4048-8946-F76E6D935E3C}.Release|iPhone.ActiveCfg = Release|Any CPU
		{BE947535-920F-4048-8946-F76E6D935E3C}.Release|iPhone.Build.0 = Release|Any CPU
	EndGlobalSection
EndGlobal
